<?xml version="1.0" encoding="utf-8"?>
<Project ToolsVersion="4.0" xmlns="http://schemas.microsoft.com/developer/msbuild/2003">
  <ItemGroup>
    <Filter Include="Source Files">
      <UniqueIdentifier>{4FC737F1-C7A5-4376-A066-2A32D752A2FF}</UniqueIdentifier>
      <Extensions>cpp;c;cc;cxx;c++;cppm;ixx;def;odl;idl;hpj;bat;asm;asmx</Extensions>
    </Filter>
    <Filter Include="Header Files">
      <UniqueIdentifier>{93995380-89BD-4b04-88EB-625FBE52EBFB}</UniqueIdentifier>
      <Extensions>h;hh;hpp;hxx;h++;hm;inl;inc;ipp;xsd</Extensions>
    </Filter>
    <Filter Include="Resource Files">
      <UniqueIdentifier>{67DA6AB6-F800-4c08-8B7A-83BB121AAD01}</UniqueIdentifier>
      <Extensions>rc;ico;cur;bmp;dlg;rc2;rct;bin;rgs;gif;jpg;jpeg;jpe;resx;tiff;tif;png;wav;mfcribbon-ms</Extensions>
    </Filter>
  </ItemGroup>
  <ItemGroup>
    <None Include="scraper.py" />
  </ItemGroup>
  <ItemGroup>
    <ClCompile Include="src\ai\AIHelper.cpp">
      <Filter>Source Files</Filter>
    </ClCompile>
    <ClCompile Include="src\ai\AIProvider.cpp">
      <Filter>Source Files</Filter>
    </ClCompile>
    <ClCompile Include="src\ai\LocalPythonBridge.cpp">
      <Filter>Source Files</Filter>
    </ClCompile>
    <ClCompile Include="src\core\Canvas.cpp">
      <Filter>Source Files</Filter>
    </ClCompile>
    <ClCompile Include="src\core\Timeline.cpp">
      <Filter>Source Files</Filter>
    </ClCompile>
    <ClCompile Include="src\ui\Screens\WelcomeScreen.cpp">
      <Filter>Source Files</Filter>
    </ClCompile>
    <ClCompile Include="src\ui\LeftToolbar.cpp">
      <Filter>Source Files</Filter>
    </ClCompile>
    <ClCompile Include="src\ui\RightProperties.cpp">
      <Filter>Source Files</Filter>
    </ClCompile>
    <ClCompile Include="src\ui\TopMenuBar.cpp">
      <Filter>Source Files</Filter>
    </ClCompile>
    <ClCompile Include="src\ui\UIManager.cpp">
      <Filter>Source Files</Filter>
    </ClCompile>
    <ClCompile Include="src\Application.cpp">
      <Filter>Source Files</Filter>
    </ClCompile>
    <ClCompile Include="src\main.cpp">
      <Filter>Source Files</Filter>
    </ClCompile>
    <ClCompile Include="src\ui\BottomTimeline.cpp">
      <Filter>Source Files</Filter>
    </ClCompile>
    <ClCompile Include="src\core\ProjectManager.cpp">
      <Filter>Source Files</Filter>
    </ClCompile>
    <ClCompile Include="src\ui\Screens\ProjectBrowser.cpp">
      <Filter>Source Files</Filter>
    </ClCompile>
    <ClCompile Include="src\ui\ColorPalettePanel.cpp">
      <Filter>Source Files</Filter>
    </ClCompile>
    <ClCompile Include="src\core\SelectionManager.cpp">
      <Filter>Source Files</Filter>
    </ClCompile>
    <ClCompile Include="src\ui\LayerPanel.cpp">
      <Filter>Source Files</Filter>
    </ClCompile>
    <ClCompile Include="src\ui\RightPanelManager.cpp">
      <Filter>Source Files</Filter>
    </ClCompile>
    <ClCompile Include="src\core\KeybindManager.cpp">
      <Filter>Source Files</Filter>
    </ClCompile>
    <ClCompile Include="src\ui\KeybindSettingsPanel.cpp">
      <Filter>Source Files</Filter>
    </ClCompile>
    <ClCompile Include="src\core\BrushManager.cpp">
      <Filter>Source Files</Filter>
    </ClCompile>
    <ClCompile Include="src\core\AudioManager.cpp">
      <Filter>Source Files</Filter>
    </ClCompile>
    <ClCompile Include="src\core\ExportManager.cpp">
      <Filter>Source Files</Filter>
    </ClCompile>
    <ClCompile Include="src\core\FillManager.cpp">
      <Filter>Source Files</Filter>
    </ClCompile>
    <ClCompile Include="src\ui\Screens\ExportModal.cpp">
      <Filter>Source Files</Filter>
    </ClCompile>
    <ClCompile Include="src\core\NativeDialogs.cpp">
      <Filter>Source Files</Filter>
    </ClCompile>
    <ClCompile Include="src\core\ColorManager.cpp">
      <Filter>Source Files</Filter>
    </ClCompile>
    <ClCompile Include="src\ui\Screens\NewProjectModal.cpp">
      <Filter>Source Files</Filter>
    </ClCompile>
    <ClCompile Include="src\ui\AudioPanel.cpp">
      <Filter>Source Files</Filter>
    </ClCompile>
    <ClCompile Include="src\ai\AIManager.cpp">
      <Filter>Source Files</Filter>
    </ClCompile>
    <ClCompile Include="src\ui\AIPanel.cpp">
      <Filter>Source Files</Filter>
    </ClCompile>
    <ClCompile Include="src\ui\AIReviewModal.cpp">
      <Filter>Source Files</Filter>
    </ClCompile>
    <ClCompile Include="src\core\FrameRenderer.cpp">
      <Filter>Source Files</Filter>
    </ClCompile>
    <ClCompile Include="src\tools\CanvasTool.cpp">
      <Filter>Source Files</Filter>
    </ClCompile>
    <ClCompile Include="src\tools\SpriteSheetStudioTool.cpp">
      <Filter>Source Files</Filter>
    </ClCompile>
    <ClCompile Include="src\core\SymmetryManager.cpp">
      <Filter>Source Files</Filter>
    </ClCompile>
    <ClCompile Include="src\core\DitherManager.cpp">
      <Filter>Source Files</Filter>
    </ClCompile>
    <ClCompile Include="src\core\ShapeSystem.cpp">
      <Filter>Source Files</Filter>
    </ClCompile>
    <ClCompile Include="src\tools\ShapeTool.cpp">
      <Filter>Source Files</Filter>
    </ClCompile>
    <ClCompile Include="src\SpriteEngine\Core\Source\Commands\AdjustBaselineCommand.cpp">
      <Filter>Source Files</Filter>
    </ClCompile>
    <ClCompile Include="src\SpriteEngine\Core\Source\Commands\AnimationCommands.cpp">
      <Filter>Source Files</Filter>
    </ClCompile>
    <ClCompile Include="src\SpriteEngine\Core\Source\Commands\BatchCommands.cpp">
      <Filter>Source Files</Filter>
    </ClCompile>
    <ClCompile Include="src\SpriteEngine\Core\Source\Commands\CommandHistory_Cmd.cpp">
      <Filter>Source Files</Filter>
    </ClCompile>
    <ClCompile Include="src\SpriteEngine\Core\Source\Commands\EditMetadataCommand.cpp">
      <Filter>Source Files</Filter>
    </ClCompile>
    <ClCompile Include="src\SpriteEngine\Core\Source\Commands\MoveSpriteCommand.cpp">
      <Filter>Source Files</Filter>
    </ClCompile>
    <ClCompile Include="src\SpriteEngine\Core\Source\DataModels\AnimationGroup.cpp">
      <Filter>Source Files</Filter>
    </ClCompile>
    <ClCompile Include="src\SpriteEngine\Core\Source\DataModels\ExportSettings.cpp">
      <Filter>Source Files</Filter>
    </ClCompile>
    <ClCompile Include="src\SpriteEngine\Core\Source\DataModels\Project.cpp">
      <Filter>Source Files</Filter>
    </ClCompile>
    <ClCompile Include="src\SpriteEngine\Core\Source\DataModels\SourceTexture.cpp">
      <Filter>Source Files</Filter>
    </ClCompile>
    <ClCompile Include="src\SpriteEngine\Core\Source\DataModels\SpriteDefinition.cpp">
      <Filter>Source Files</Filter>
    </ClCompile>
    <ClCompile Include="src\SpriteEngine\Core\Source\Export\AtlasPacker_Exp.cpp">
      <Filter>Source Files</Filter>
    </ClCompile>
    <ClCompile Include="src\SpriteEngine\Core\Source\Export\MetadataExporter.cpp">
      <Filter>Source Files</Filter>
    </ClCompile>
    <ClCompile Include="src\SpriteEngine\Core\Source\Export\TextureRenderer.cpp">
      <Filter>Source Files</Filter>
    </ClCompile>
    <ClCompile Include="src\SpriteEngine\Core\Source\Processing\AtlasPacker.cpp">
      <Filter>Source Files</Filter>
    </ClCompile>
    <ClCompile Include="src\SpriteEngine\Core\Source\Processing\BaselineAnalyzer.cpp">
      <Filter>Source Files</Filter>
    </ClCompile>
    <ClCompile Include="src\SpriteEngine\Core\Source\Processing\ImageLoader.cpp">
      <Filter>Source Files</Filter>
    </ClCompile>
    <ClCompile Include="src\SpriteEngine\Core\Source\Processing\SpriteAligner.cpp">
      <Filter>Source Files</Filter>
    </ClCompile>
    <ClCompile Include="src\SpriteEngine\Core\Source\Processing\SpriteDetector.cpp">
      <Filter>Source Files</Filter>
    </ClCompile>
    <ClCompile Include="src\SpriteEngine\Core\Source\StudioEngineFacade.cpp">
      <Filter>Source Files</Filter>
    </ClCompile>
    <ClCompile Include="src\SpriteEngine\Core\Source\Systems\AnimationBuilder.cpp">
      <Filter>Source Files</Filter>
    </ClCompile>
    <ClCompile Include="src\SpriteEngine\Core\Source\Systems\BackgroundJobQueue.cpp">
      <Filter>Source Files</Filter>
    </ClCompile>
    <ClCompile Include="src\SpriteEngine\Core\Source\Systems\CommandHistory.cpp">
      <Filter>Source Files</Filter>
    </ClCompile>
    <ClCompile Include="src\SpriteEngine\Core\Source\Systems\ExportManager_SE.cpp">
      <Filter>Source Files</Filter>
    </ClCompile>
    <ClCompile Include="src\SpriteEngine\Core\Source\Systems\PlaybackEngine.cpp">
      <Filter>Source Files</Filter>
    </ClCompile>
    <ClCompile Include="src\SpriteEngine\Core\Source\Systems\ProjectManager_SE.cpp">
      <Filter>Source Files</Filter>
    </ClCompile>
    <ClCompile Include="src\SpriteEngine\Core\Source\Systems\WorkspaceManager.cpp">
      <Filter>Source Files</Filter>
    </ClCompile>
    <ClCompile Include="src\SpriteEngine\UI\Source\Panels\AnimationBuilderPanel.cpp">
      <Filter>Source Files</Filter>
    </ClCompile>
    <ClCompile Include="src\SpriteEngine\UI\Source\Panels\AnimationPanel.cpp">
      <Filter>Source Files</Filter>
    </ClCompile>
    <ClCompile Include="src\SpriteEngine\UI\Source\Panels\ExportPreviewPanel.cpp">
      <Filter>Source Files</Filter>
    </ClCompile>
    <ClCompile Include="src\SpriteEngine\UI\Source\Panels\InspectorView.cpp">
      <Filter>Source Files</Filter>
    </ClCompile>
    <ClCompile Include="src\SpriteEngine\UI\Source\Panels\PreviewViewport.cpp">
      <Filter>Source Files</Filter>
    </ClCompile>
    <ClCompile Include="src\SpriteEngine\UI\Source\Panels\ProjectBrowserView.cpp">
      <Filter>Source Files</Filter>
    </ClCompile>
    <ClCompile Include="src\SpriteEngine\UI\Source\Panels\TimelineView.cpp">
      <Filter>Source Files</Filter>
    </ClCompile>
    <ClCompile Include="src\SpriteEngine\UI\Source\Panels\Toolbar.cpp">
      <Filter>Source Files</Filter>
    </ClCompile>
    <ClCompile Include="src\SpriteEngine\UI\Source\Panels\WorkspaceEnvironment.cpp">
      <Filter>Source Files</Filter>
    </ClCompile>
    <ClCompile Include="src\SpriteEngine\UI\Source\Rendering\BoundingBoxGizmo.cpp">
      <Filter>Source Files</Filter>
    </ClCompile>
    <ClCompile Include="src\SpriteEngine\UI\Source\Rendering\CoordinateAxisRenderer.cpp">
      <Filter>Source Files</Filter>
    </ClCompile>
    <ClCompile Include="src\SpriteEngine\UI\Source\Rendering\GridRenderer.cpp">
      <Filter>Source Files</Filter>
    </ClCompile>
    <ClCompile Include="src\SpriteEngine\UI\Source\Rendering\OverlayRenderer.cpp">
      <Filter>Source Files</Filter>
    </ClCompile>
    <ClCompile Include="src\SpriteEngine\UI\Source\Rendering\SelectionGizmo.cpp">
      <Filter>Source Files</Filter>
    </ClCompile>
    <ClCompile Include="src\SpriteEngine\UI\Source\Rendering\SpriteGizmoRenderer.cpp">
      <Filter>Source Files</Filter>
    </ClCompile>
    <ClCompile Include="src\SpriteEngine\UI\Source\SpriteSheetStudioPanel.cpp">
      <Filter>Source Files</Filter>
    </ClCompile>
    <ClCompile Include="src\tools\MagicWandTool.cpp">
      <Filter>Source Files</Filter>
    </ClCompile>
    <ClCompile Include="src\core\PerspectiveSystem.cpp">
      <Filter>Source Files</Filter>
    </ClCompile>
    <ClCompile Include="src\tools\PerspectiveTool.cpp">
      <Filter>Source Files</Filter>
    </ClCompile>
    <ClCompile Include="src\ui\PerspectivePanel.cpp">
      <Filter>Source Files</Filter>
    </ClCompile>
    <ClCompile Include="src\core\FontManager.cpp">
      <Filter>Source Files</Filter>
    </ClCompile>
    <ClCompile Include="src\core\TextSystem.cpp">
      <Filter>Source Files</Filter>
    </ClCompile>
    <ClCompile Include="src\tools\TextTool.cpp">
      <Filter>Source Files</Filter>
    </ClCompile>
    <ClCompile Include="src\ui\TextPanel.cpp">
      <Filter>Source Files</Filter>
    </ClCompile>
  </ItemGroup>
  <ItemGroup>
    <ClInclude Include="src\ai\AIHelper.h">
      <Filter>Header Files</Filter>
    </ClInclude>
    <ClInclude Include="src\ai\AIProvider.h">
      <Filter>Header Files</Filter>
    </ClInclude>
    <ClInclude Include="src\ai\LocalPythonBridge.h">
      <Filter>Header Files</Filter>
    </ClInclude>
    <ClInclude Include="src\core\AppState.h">
      <Filter>Header Files</Filter>
    </ClInclude>
    <ClInclude Include="src\core\Canvas.h">
      <Filter>Header Files</Filter>
    </ClInclude>
    <ClInclude Include="src\core\SettingsManager.h">
      <Filter>Header Files</Filter>
    </ClInclude>
    <ClInclude Include="src\core\Timeline.h">
      <Filter>Header Files</Filter>
    </ClInclude>
    <ClInclude Include="src\ui\Screens\WelcomeScreen.h">
      <Filter>Header Files</Filter>
    </ClInclude>
    <ClInclude Include="src\ui\LeftToolbar.h">
      <Filter>Header Files</Filter>
    </ClInclude>
    <ClInclude Include="src\ui\RightProperties.h">
      <Filter>Header Files</Filter>
    </ClInclude>
    <ClInclude Include="src\ui\TopMenuBar.h">
      <Filter>Header Files</Filter>
    </ClInclude>
    <ClInclude Include="src\ui\UIManager.h">
      <Filter>Header Files</Filter>
    </ClInclude>
    <ClInclude Include="src\Application.h">
      <Filter>Header Files</Filter>
    </ClInclude>
    <ClInclude Include="src\ui\BottomTimeline.h">
      <Filter>Header Files</Filter>
    </ClInclude>
    <ClInclude Include="src\core\ProjectManager.h">
      <Filter>Header Files</Filter>
    </ClInclude>
    <ClInclude Include="src\ui\Screens\ProjectBrowser.h">
      <Filter>Header Files</Filter>
    </ClInclude>
    <ClInclude Include="src\ui\ColorPalettePanel.h">
      <Filter>Header Files</Filter>
    </ClInclude>
    <ClInclude Include="src\core\SelectionManager.h">
      <Filter>Header Files</Filter>
    </ClInclude>
    <ClInclude Include="src\ui\LayerPanel.h">
      <Filter>Header Files</Filter>
    </ClInclude>
    <ClInclude Include="src\ui\RightPanelManager.h">
      <Filter>Header Files</Filter>
    </ClInclude>
    <ClInclude Include="src\core\KeybindManager.h">
      <Filter>Header Files</Filter>
    </ClInclude>
    <ClInclude Include="src\ui\KeybindSettingsPanel.h">
      <Filter>Header Files</Filter>
    </ClInclude>
    <ClInclude Include="src\core\BrushManager.h">
      <Filter>Header Files</Filter>
    </ClInclude>
    <ClInclude Include="src\core\AudioManager.h">
      <Filter>Header Files</Filter>
    </ClInclude>
    <ClInclude Include="src\core\ExportManager.h">
      <Filter>Header Files</Filter>
    </ClInclude>
    <ClInclude Include="src\core\FillManager.h">
      <Filter>Header Files</Filter>
    </ClInclude>
    <ClInclude Include="src\ui\Screens\ExportModal.h">
      <Filter>Header Files</Filter>
    </ClInclude>
    <ClInclude Include="src\core\NativeDialogs.h">
      <Filter>Header Files</Filter>
    </ClInclude>
    <ClInclude Include="src\core\ColorManager.h">
      <Filter>Header Files</Filter>
    </ClInclude>
    <ClInclude Include="src\ui\Screens\NewProjectModal.h">
      <Filter>Header Files</Filter>
    </ClInclude>
    <ClInclude Include="src\ui\AudioPanel.h">
      <Filter>Header Files</Filter>
    </ClInclude>
    <ClInclude Include="src\ai\AIManager.h">
      <Filter>Header Files</Filter>
    </ClInclude>
    <ClInclude Include="src\ui\AIPanel.h">
      <Filter>Header Files</Filter>
    </ClInclude>
    <ClInclude Include="src\ui\AIReviewModal.h">
      <Filter>Header Files</Filter>
    </ClInclude>
    <ClInclude Include="src\core\FrameRenderer.h">
      <Filter>Header Files</Filter>
    </ClInclude>
    <ClInclude Include="src\core\ITool.h">
      <Filter>Header Files</Filter>
    </ClInclude>
    <ClInclude Include="src\tools\CanvasTool.h">
      <Filter>Header Files</Filter>
    </ClInclude>
    <ClInclude Include="src\tools\SpriteSheetStudioTool.h">
      <Filter>Header Files</Filter>
    </ClInclude>
    <ClInclude Include="src\core\SymmetryManager.h">
      <Filter>Header Files</Filter>
    </ClInclude>
    <ClInclude Include="src\core\DitherManager.h">
      <Filter>Header Files</Filter>
    </ClInclude>
    <ClInclude Include="src\tools\ShapeTool.h">
      <Filter>Header Files</Filter>
    </ClInclude>
    <ClInclude Include="src\core\ShapeSystem.h">
      <Filter>Header Files</Filter>
    </ClInclude>
    <ClInclude Include="src\SpriteEngine\Core\Include\AI_Interfaces\IFrameInterpolator.h">
      <Filter>Header Files</Filter>
    </ClInclude>
    <ClInclude Include="src\SpriteEngine\Core\Include\AI_Interfaces\IImageProcessor.h">
      <Filter>Header Files</Filter>
    </ClInclude>
    <ClInclude Include="src\SpriteEngine\Core\Include\Commands\AdjustBaselineCommand.h">
      <Filter>Header Files</Filter>
    </ClInclude>
    <ClInclude Include="src\SpriteEngine\Core\Include\Commands\AnimationCommands.h">
      <Filter>Header Files</Filter>
    </ClInclude>
    <ClInclude Include="src\SpriteEngine\Core\Include\Commands\BatchCommands.h">
      <Filter>Header Files</Filter>
    </ClInclude>
    <ClInclude Include="src\SpriteEngine\Core\Include\Commands\CommandHistory.h">
      <Filter>Header Files</Filter>
    </ClInclude>
    <ClInclude Include="src\SpriteEngine\Core\Include\Commands\EditMetadataCommand.h">
      <Filter>Header Files</Filter>
    </ClInclude>
    <ClInclude Include="src\SpriteEngine\Core\Include\Commands\ICommand.h">
      <Filter>Header Files</Filter>
    </ClInclude>
    <ClInclude Include="src\SpriteEngine\Core\Include\Commands\MoveSpriteCommand.h">
      <Filter>Header Files</Filter>
    </ClInclude>
    <ClInclude Include="src\SpriteEngine\Core\Include\Commands\MoveSpriteWithPixelsCommand.h">
      <Filter>Header Files</Filter>
    </ClInclude>
    <ClInclude Include="src\SpriteEngine\Core\Include\Commands\PixelCommands.h">
      <Filter>Header Files</Filter>
    </ClInclude>
    <ClInclude Include="src\SpriteEngine\Core\Include\DataModels\AnimationGroup.h">
      <Filter>Header Files</Filter>
    </ClInclude>
    <ClInclude Include="src\SpriteEngine\Core\Include\DataModels\ExportSettings.h">
      <Filter>Header Files</Filter>
    </ClInclude>
    <ClInclude Include="src\SpriteEngine\Core\Include\DataModels\Project.h">
      <Filter>Header Files</Filter>
    </ClInclude>
    <ClInclude Include="src\SpriteEngine\Core\Include\DataModels\SourceTexture.h">
      <Filter>Header Files</Filter>
    </ClInclude>
    <ClInclude Include="src\SpriteEngine\Core\Include\DataModels\SpriteDefinition.h">
      <Filter>Header Files</Filter>
    </ClInclude>
    <ClInclude Include="src\SpriteEngine\Core\Include\DataModels\WorkspacePreferences.h">
      <Filter>Header Files</Filter>
    </ClInclude>
    <ClInclude Include="src\SpriteEngine\Core\Include\Export\AtlasPacker.h">
      <Filter>Header Files</Filter>
    </ClInclude>
    <ClInclude Include="src\SpriteEngine\Core\Include\Export\MetadataExporter.h">
      <Filter>Header Files</Filter>
    </ClInclude>
    <ClInclude Include="src\SpriteEngine\Core\Include\Export\TextureRenderer.h">
      <Filter>Header Files</Filter>
    </ClInclude>
    <ClInclude Include="src\SpriteEngine\Core\Include\json.hpp">
      <Filter>Header Files</Filter>
    </ClInclude>
    <ClInclude Include="src\SpriteEngine\Core\Include\Processing\AtlasPacker.h">
      <Filter>Header Files</Filter>
    </ClInclude>
    <ClInclude Include="src\SpriteEngine\Core\Include\Processing\BaselineAnalyzer.h">
      <Filter>Header Files</Filter>
    </ClInclude>
    <ClInclude Include="src\SpriteEngine\Core\Include\Processing\ImageLoader.h">
      <Filter>Header Files</Filter>
    </ClInclude>
    <ClInclude Include="src\SpriteEngine\Core\Include\Processing\SpriteAligner.h">
      <Filter>Header Files</Filter>
    </ClInclude>
    <ClInclude Include="src\SpriteEngine\Core\Include\Processing\SpriteDetector.h">
      <Filter>Header Files</Filter>
    </ClInclude>
    <ClInclude Include="src\SpriteEngine\Core\Include\StudioEngineFacade.h">
      <Filter>Header Files</Filter>
    </ClInclude>
    <ClInclude Include="src\SpriteEngine\Core\Include\Systems\AnimationBuilder.h">
      <Filter>Header Files</Filter>
    </ClInclude>
    <ClInclude Include="src\SpriteEngine\Core\Include\Systems\BackgroundJobQueue.h">
      <Filter>Header Files</Filter>
    </ClInclude>
    <ClInclude Include="src\SpriteEngine\Core\Include\Systems\CommandHistory.h">
      <Filter>Header Files</Filter>
    </ClInclude>
    <ClInclude Include="src\SpriteEngine\Core\Include\Systems\ExportManager.h">
      <Filter>Header Files</Filter>
    </ClInclude>
    <ClInclude Include="src\SpriteEngine\Core\Include\Systems\PlaybackEngine.h">
      <Filter>Header Files</Filter>
    </ClInclude>
    <ClInclude Include="src\SpriteEngine\Core\Include\Systems\ProjectManager.h">
      <Filter>Header Files</Filter>
    </ClInclude>
    <ClInclude Include="src\SpriteEngine\Core\Include\Systems\WorkspaceManager.h">
      <Filter>Header Files</Filter>
    </ClInclude>
    <ClInclude Include="src\SpriteEngine\Core\Include\ThirdParty\stb_image.h">
      <Filter>Header Files</Filter>
    </ClInclude>
    <ClInclude Include="src\SpriteEngine\UI\Include\Panels\AnimationBuilderPanel.h">
      <Filter>Header Files</Filter>
    </ClInclude>
    <ClInclude Include="src\SpriteEngine\UI\Include\Panels\AnimationPanel.h">
      <Filter>Header Files</Filter>
    </ClInclude>
    <ClInclude Include="src\SpriteEngine\UI\Include\Panels\ExportPreviewPanel.h">
      <Filter>Header Files</Filter>
    </ClInclude>
    <ClInclude Include="src\SpriteEngine\UI\Include\Panels\InspectorView.h">
      <Filter>Header Files</Filter>
    </ClInclude>
    <ClInclude Include="src\SpriteEngine\UI\Include\Panels\PreviewViewport.h">
      <Filter>Header Files</Filter>
    </ClInclude>
    <ClInclude Include="src\SpriteEngine\UI\Include\Panels\ProjectBrowserView.h">
      <Filter>Header Files</Filter>
    </ClInclude>
    <ClInclude Include="src\SpriteEngine\UI\Include\Panels\TimelineView.h">
      <Filter>Header Files</Filter>
    </ClInclude>
    <ClInclude Include="src\SpriteEngine\UI\Include\Panels\Toolbar.h">
      <Filter>Header Files</Filter>
    </ClInclude>
    <ClInclude Include="src\SpriteEngine\UI\Include\Panels\WorkspaceEnvironment.h">
      <Filter>Header Files</Filter>
    </ClInclude>
    <ClInclude Include="src\SpriteEngine\UI\Include\Rendering\BoundingBoxGizmo.h">
      <Filter>Header Files</Filter>
    </ClInclude>
    <ClInclude Include="src\SpriteEngine\UI\Include\Rendering\CoordinateAxisRenderer.h">
      <Filter>Header Files</Filter>
    </ClInclude>
    <ClInclude Include="src\SpriteEngine\UI\Include\Rendering\GridRenderer.h">
      <Filter>Header Files</Filter>
    </ClInclude>
    <ClInclude Include="src\SpriteEngine\UI\Include\Rendering\OverlayRenderer.h">
      <Filter>Header Files</Filter>
    </ClInclude>
    <ClInclude Include="src\SpriteEngine\UI\Include\Rendering\SelectionGizmo.h">
      <Filter>Header Files</Filter>
    </ClInclude>
    <ClInclude Include="src\SpriteEngine\UI\Include\Rendering\SpriteGizmoRenderer.h">
      <Filter>Header Files</Filter>
    </ClInclude>
    <ClInclude Include="src\SpriteEngine\UI\Include\SpriteSheetStudioPanel.h">
      <Filter>Header Files</Filter>
    </ClInclude>
    <ClInclude Include="src\SpriteEngine\UI\Include\Theme.h">
      <Filter>Header Files</Filter>
    </ClInclude>
    <ClInclude Include="src\SpriteEngine\UI\Include\Utils\NativeFileDialog.h">
      <Filter>Header Files</Filter>
    </ClInclude>
    <ClInclude Include="src\SpriteEngine\UI\Screens\ExportModal.h">
      <Filter>Header Files</Filter>
    </ClInclude>
    <ClInclude Include="src\SpriteEngine\UI\Screens\NewProjectModal.h">
      <Filter>Header Files</Filter>
    </ClInclude>
    <ClInclude Include="src\SpriteEngine\UI\Screens\ProjectBrowser.h">
      <Filter>Header Files</Filter>
    </ClInclude>
    <ClInclude Include="src\SpriteEngine\UI\Screens\WelcomeScreen.h">
      <Filter>Header Files</Filter>
    </ClInclude>
    <ClInclude Include="src\SpriteEngine\UI\Source\Utils\NativFileDialog.h">
      <Filter>Header Files</Filter>
    </ClInclude>
    <ClInclude Include="src\tools\MagicWandTool.h">
      <Filter>Header Files</Filter>
    </ClInclude>
    <ClInclude Include="src\core\PerspectiveSystem.h">
      <Filter>Header Files</Filter>
    </ClInclude>
    <ClInclude Include="src\tools\PerspectiveTool.h">
      <Filter>Header Files</Filter>
    </ClInclude>
    <ClInclude Include="src\ui\PerspectivePanel.h">
      <Filter>Header Files</Filter>
    </ClInclude>
    <ClInclude Include="src\core\FontManager.h">
      <Filter>Header Files</Filter>
    </ClInclude>
    <ClInclude Include="src\core\TextSystem.h">
      <Filter>Header Files</Filter>
    </ClInclude>
    <ClInclude Include="src\tools\TextTool.h">
      <Filter>Header Files</Filter>
    </ClInclude>
    <ClInclude Include="src\ui\TextPanel.h">
      <Filter>Header Files</Filter>
    </ClInclude>
  </ItemGroup>
</Project>